
Microsoft Visual Studio Solution File, Format Version 12.00
# Visual Studio Version 16
VisualStudioVersion = 16.0.32228.343
MinimumVisualStudioVersion = 10.0.40219.1
Project("{FAE04EC0-301F-11D3-BF4B-00C04F79EFBC}") = "AppAulaParams", "AppAulaParams\AppAulaParams.csproj", "{4FD279BD-6322-4BA2-8466-24279BBAEDF9}"
EndProject
Global
	GlobalSection(SolutionConfigurationPlatforms) = preSolution
		Debug|Any CPU = Debug|Any CPU
		Release|Any CPU = Release|Any CPU
	EndGlobalSection
	GlobalSection(ProjectConfigurationPlatforms) = postSolution
		{4FD279BD-6322-4BA2-8466-24279BBAEDF9}.Debug|Any CPU.ActiveCfg = Debug|Any CPU
		{4FD279BD-6322-4BA2-8466-24279BBAEDF9}.Debug|Any CPU.Build.0 = Debug|Any CPU
		{4FD279BD-6322-4BA2-8466-24279BBAEDF9}.Release|Any CPU.ActiveCfg = Release|Any CPU
		{4FD279BD-6322-4BA2-8466-24279BBAEDF9}.Release|Any CPU.Build.0 = Release|Any CPU
	EndGlobalSection
	GlobalSection(SolutionProperties) = preSolution
		HideSolutionNode = FALSE
	EndGlobalSection
	GlobalSection(ExtensibilityGlobals) = postSolution
		SolutionGuid = {4BF61ECC-6655-47C4-8BB3-1BA79C424B0A}
	EndGlobalSection
EndGlobal
